
Microsoft Visual Studio Solution File, Format Version 12.00
# Visual Studio Version 17
VisualStudioVersion = 17.10.35122.118
MinimumVisualStudioVersion = 10.0.40219.1
Project("{8BC9CEB8-8B4A-11D0-8D11-00A0C91BC942}") = "DataStructure", "DataStructure.vcxproj", "{BC437927-F248-40C4-99E8-BBD88536F24C}"
EndProject
Global
	GlobalSection(SolutionConfigurationPlatforms) = preSolution
		Debug|x64 = Debug|x64
		Debug|x86 = Debug|x86
		Release|x64 = Release|x64
		Release|x86 = Release|x86
	EndGlobalSection
	GlobalSection(ProjectConfigurationPlatforms) = postSolution
		{BC437927-F248-40C4-99E8-BBD88536F24C}.Debug|x64.ActiveCfg = Debug|x64
		{BC437927-F248-40C4-99E8-BBD88536F24C}.Debug|x64.Build.0 = Debug|x64
		{BC437927-F248-40C4-99E8-BBD88536F24C}.Debug|x86.ActiveCfg = Debug|Win32
		{BC437927-F248-40C4-99E8-BBD88536F24C}.Debug|x86.Build.0 = Debug|Win32
		{BC437927-F248-40C4-99E8-BBD88536F24C}.Release|x64.ActiveCfg = Release|x64
		{BC437927-F248-40C4-99E8-BBD88536F24C}.Release|x64.Build.0 = Release|x64
		{BC437927-F248-40C4-99E8-BBD88536F24C}.Release|x86.ActiveCfg = Release|Win32
		{BC437927-F248-40C4-99E8-BBD88536F24C}.Release|x86.Build.0 = Release|Win32
	EndGlobalSection
	GlobalSection(SolutionProperties) = preSolution
		HideSolutionNode = FALSE
	EndGlobalSection
	GlobalSection(ExtensibilityGlobals) = postSolution
		SolutionGuid = {E548BFD9-6BDC-4E69-AF44-776D6F326407}
	EndGlobalSection
EndGlobal
